// !$*UTF8*$!
{
	archiveVersion = 1;
	classes = {
	};
	objectVersion = 50;
	objects = {

/* Begin PBXBuildFile section */
		B407759E2151641D00D09690 /* AppDelegate.m in Sources */ = {isa = PBXBuildFile; fileRef = B407759D2151641D00D09690 /* AppDelegate.m */; };
		B40775A12151641D00D09690 /* ViewController.m in Sources */ = {isa = PBXBuildFile; fileRef = B40775A02151641D00D09690 /* ViewController.m */; };
		B40775A42151641D00D09690 /* Main.storyboard in Resources */ = {isa = PBXBuildFile; fileRef = B40775A22151641D00D09690 /* Main.storyboard */; };
		B40775A62151641E00D09690 /* Assets.xcassets in Resources */ = {isa = PBXBuildFile; fileRef = B40775A52151641E00D09690 /* Assets.xcassets */; };
		B40775A92151641E00D09690 /* LaunchScreen.storyboard in Resources */ = {isa = PBXBuildFile; fileRef = B40775A72151641E00D09690 /* LaunchScreen.storyboard */; };
		B40775AC2151641E00D09690 /* main.m in Sources */ = {isa = PBXBuildFile; fileRef = B40775AB2151641E00D09690 /* main.m */; };
		B40775B62151641E00D09690 /* CoreTextTests.m in Sources */ = {isa = PBXBuildFile; fileRef = B40775B52151641E00D09690 /* CoreTextTests.m */; };
		B40775C12151641E00D09690 /* CoreTextUITests.m in Sources */ = {isa = PBXBuildFile; fileRef = B40775C02151641E00D09690 /* CoreTextUITests.m */; };
		B40775D021517AE600D09690 /* ReaderViewController.m in Sources */ = {isa = PBXBuildFile; fileRef = B40775CF21517AE600D09690 /* ReaderViewController.m */; };
		B46CB5DD21542AF800CA0F72 /* 12、我吃一口你听听.txt in Resources */ = {isa = PBXBuildFile; fileRef = B46CB5D021542AF800CA0F72 /* 12、我吃一口你听听.txt */; };
		B46CB5DE21542AF800CA0F72 /* 7、幺蛾子.txt in Resources */ = {isa = PBXBuildFile; fileRef = B46CB5D121542AF800CA0F72 /* 7、幺蛾子.txt */; };
		B46CB5DF21542AF800CA0F72 /* 3、你摊上大事了！.txt in Resources */ = {isa = PBXBuildFile; fileRef = B46CB5D221542AF800CA0F72 /* 3、你摊上大事了！.txt */; };
		B46CB5E021542AF800CA0F72 /* 8、莫名其妙.txt in Resources */ = {isa = PBXBuildFile; fileRef = B46CB5D321542AF800CA0F72 /* 8、莫名其妙.txt */; };
		B46CB5E121542AF800CA0F72 /* 5、负面情绪.txt in Resources */ = {isa = PBXBuildFile; fileRef = B46CB5D421542AF800CA0F72 /* 5、负面情绪.txt */; };
		B46CB5E221542AF800CA0F72 /* 9、碰瓷（第三章求推荐求收藏）.txt in Resources */ = {isa = PBXBuildFile; fileRef = B46CB5D521542AF800CA0F72 /* 9、碰瓷（第三章求推荐求收藏）.txt */; };
		B46CB5E321542AF800CA0F72 /* 11、星火燎原.txt in Resources */ = {isa = PBXBuildFile; fileRef = B46CB5D621542AF800CA0F72 /* 11、星火燎原.txt */; };
		B46CB5E421542AF800CA0F72 /* 1、庙会.txt in Resources */ = {isa = PBXBuildFile; fileRef = B46CB5D721542AF800CA0F72 /* 1、庙会.txt */; };
		B46CB5E521542AF800CA0F72 /* 10、好汉，让我走吧.txt in Resources */ = {isa = PBXBuildFile; fileRef = B46CB5D821542AF800CA0F72 /* 10、好汉，让我走吧.txt */; };
		B46CB5E621542AF800CA0F72 /* 大王饶命.txt in Resources */ = {isa = PBXBuildFile; fileRef = B46CB5D921542AF800CA0F72 /* 大王饶命.txt */; };
		B46CB5E721542AF800CA0F72 /* 4、车祸与树.txt in Resources */ = {isa = PBXBuildFile; fileRef = B46CB5DA21542AF800CA0F72 /* 4、车祸与树.txt */; };
		B46CB5E821542AF800CA0F72 /* 2、吃货.txt in Resources */ = {isa = PBXBuildFile; fileRef = B46CB5DB21542AF800CA0F72 /* 2、吃货.txt */; };
		B46CB5E921542AF800CA0F72 /* 6、漂流瓶.txt in Resources */ = {isa = PBXBuildFile; fileRef = B46CB5DC21542AF800CA0F72 /* 6、漂流瓶.txt */; };
		B494D5172152B6D800B11FC4 /* CoreText.framework in Frameworks */ = {isa = PBXBuildFile; fileRef = B494D5162152B6D800B11FC4 /* CoreText.framework */; };
		B494D51D2152B74A00B11FC4 /* UIView+frameAdjust.m in Sources */ = {isa = PBXBuildFile; fileRef = B494D51C2152B74A00B11FC4 /* UIView+frameAdjust.m */; };
		B494D5202152B7BA00B11FC4 /* CTFrameParserConfig.m in Sources */ = {isa = PBXBuildFile; fileRef = B494D51F2152B7BA00B11FC4 /* CTFrameParserConfig.m */; };
		B494D5232152B7E700B11FC4 /* CTFrameParser.m in Sources */ = {isa = PBXBuildFile; fileRef = B494D5222152B7E700B11FC4 /* CTFrameParser.m */; };
		B494D5262152B81100B11FC4 /* CoreTextData.m in Sources */ = {isa = PBXBuildFile; fileRef = B494D5252152B81100B11FC4 /* CoreTextData.m */; };
		B494D5292152B83400B11FC4 /* CTDisplayView.m in Sources */ = {isa = PBXBuildFile; fileRef = B494D5282152B83400B11FC4 /* CTDisplayView.m */; };
/* End PBXBuildFile section */

/* Begin PBXContainerItemProxy section */
		B40775B22151641E00D09690 /* PBXContainerItemProxy */ = {
			isa = PBXContainerItemProxy;
			containerPortal = B40775912151641D00D09690 /* Project object */;
			proxyType = 1;
			remoteGlobalIDString = B40775982151641D00D09690;
			remoteInfo = CoreText;
		};
		B40775BD2151641E00D09690 /* PBXContainerItemProxy */ = {
			isa = PBXContainerItemProxy;
			containerPortal = B40775912151641D00D09690 /* Project object */;
			proxyType = 1;
			remoteGlobalIDString = B40775982151641D00D09690;
			remoteInfo = CoreText;
		};
/* End PBXContainerItemProxy section */

/* Begin PBXFileReference section */
		B40775992151641D00D09690 /* CoreText.app */ = {isa = PBXFileReference; explicitFileType = wrapper.application; includeInIndex = 0; path = CoreText.app; sourceTree = BUILT_PRODUCTS_DIR; };
		B407759C2151641D00D09690 /* AppDelegate.h */ = {isa = PBXFileReference; lastKnownFileType = sourcecode.c.h; path = AppDelegate.h; sourceTree = "<group>"; };
		B407759D2151641D00D09690 /* AppDelegate.m */ = {isa = PBXFileReference; lastKnownFileType = sourcecode.c.objc; path = AppDelegate.m; sourceTree = "<group>"; };
		B407759F2151641D00D09690 /* ViewController.h */ = {isa = PBXFileReference; lastKnownFileType = sourcecode.c.h; path = ViewController.h; sourceTree = "<group>"; };
		B40775A02151641D00D09690 /* ViewController.m */ = {isa = PBXFileReference; lastKnownFileType = sourcecode.c.objc; path = ViewController.m; sourceTree = "<group>"; };
		B40775A32151641D00D09690 /* Base */ = {isa = PBXFileReference; lastKnownFileType = file.storyboard; name = Base; path = Base.lproj/Main.storyboard; sourceTree = "<group>"; };
		B40775A52151641E00D09690 /* Assets.xcassets */ = {isa = PBXFileReference; lastKnownFileType = folder.assetcatalog; path = Assets.xcassets; sourceTree = "<group>"; };
		B40775A82151641E00D09690 /* Base */ = {isa = PBXFileReference; lastKnownFileType = file.storyboard; name = Base; path = Base.lproj/LaunchScreen.storyboard; sourceTree = "<group>"; };
		B40775AA2151641E00D09690 /* Info.plist */ = {isa = PBXFileReference; lastKnownFileType = text.plist.xml; path = Info.plist; sourceTree = "<group>"; };
		B40775AB2151641E00D09690 /* main.m */ = {isa = PBXFileReference; lastKnownFileType = sourcecode.c.objc; path = main.m; sourceTree = "<group>"; };
		B40775B12151641E00D09690 /* CoreTextTests.xctest */ = {isa = PBXFileReference; explicitFileType = wrapper.cfbundle; includeInIndex = 0; path = CoreTextTests.xctest; sourceTree = BUILT_PRODUCTS_DIR; };
		B40775B52151641E00D09690 /* CoreTextTests.m */ = {isa = PBXFileReference; lastKnownFileType = sourcecode.c.objc; path = CoreTextTests.m; sourceTree = "<group>"; };
		B40775B72151641E00D09690 /* Info.plist */ = {isa = PBXFileReference; lastKnownFileType = text.plist.xml; path = Info.plist; sourceTree = "<group>"; };
		B40775BC2151641E00D09690 /* CoreTextUITests.xctest */ = {isa = PBXFileReference; explicitFileType = wrapper.cfbundle; includeInIndex = 0; path = CoreTextUITests.xctest; sourceTree = BUILT_PRODUCTS_DIR; };
		B40775C02151641E00D09690 /* CoreTextUITests.m */ = {isa = PBXFileReference; lastKnownFileType = sourcecode.c.objc; path = CoreTextUITests.m; sourceTree = "<group>"; };
		B40775C22151641E00D09690 /* Info.plist */ = {isa = PBXFileReference; lastKnownFileType = text.plist.xml; path = Info.plist; sourceTree = "<group>"; };
		B40775CE21517AE600D09690 /* ReaderViewController.h */ = {isa = PBXFileReference; lastKnownFileType = sourcecode.c.h; path = ReaderViewController.h; sourceTree = "<group>"; };
		B40775CF21517AE600D09690 /* ReaderViewController.m */ = {isa = PBXFileReference; lastKnownFileType = sourcecode.c.objc; path = ReaderViewController.m; sourceTree = "<group>"; };
		B46CB5D021542AF800CA0F72 /* 12、我吃一口你听听.txt */ = {isa = PBXFileReference; fileEncoding = 4; lastKnownFileType = text; path = "12、我吃一口你听听.txt"; sourceTree = "<group>"; };
		B46CB5D121542AF800CA0F72 /* 7、幺蛾子.txt */ = {isa = PBXFileReference; fileEncoding = 4; lastKnownFileType = text; path = "7、幺蛾子.txt"; sourceTree = "<group>"; };
		B46CB5D221542AF800CA0F72 /* 3、你摊上大事了！.txt */ = {isa = PBXFileReference; fileEncoding = 4; lastKnownFileType = text; path = "3、你摊上大事了！.txt"; sourceTree = "<group>"; };
		B46CB5D321542AF800CA0F72 /* 8、莫名其妙.txt */ = {isa = PBXFileReference; fileEncoding = 4; lastKnownFileType = text; path = "8、莫名其妙.txt"; sourceTree = "<group>"; };
		B46CB5D421542AF800CA0F72 /* 5、负面情绪.txt */ = {isa = PBXFileReference; fileEncoding = 4; lastKnownFileType = text; path = "5、负面情绪.txt"; sourceTree = "<group>"; };
		B46CB5D521542AF800CA0F72 /* 9、碰瓷（第三章求推荐求收藏）.txt */ = {isa = PBXFileReference; fileEncoding = 4; lastKnownFileType = text; path = "9、碰瓷（第三章求推荐求收藏）.txt"; sourceTree = "<group>"; };
		B46CB5D621542AF800CA0F72 /* 11、星火燎原.txt */ = {isa = PBXFileReference; fileEncoding = 4; lastKnownFileType = text; path = "11、星火燎原.txt"; sourceTree = "<group>"; };
		B46CB5D721542AF800CA0F72 /* 1、庙会.txt */ = {isa = PBXFileReference; fileEncoding = 4; lastKnownFileType = text; path = "1、庙会.txt"; sourceTree = "<group>"; };
		B46CB5D821542AF800CA0F72 /* 10、好汉，让我走吧.txt */ = {isa = PBXFileReference; fileEncoding = 4; lastKnownFileType = text; path = "10、好汉，让我走吧.txt"; sourceTree = "<group>"; };
		B46CB5D921542AF800CA0F72 /* 大王饶命.txt */ = {isa = PBXFileReference; fileEncoding = 4; lastKnownFileType = text; path = "大王饶命.txt"; sourceTree = "<group>"; };
		B46CB5DA21542AF800CA0F72 /* 4、车祸与树.txt */ = {isa = PBXFileReference; fileEncoding = 4; lastKnownFileType = text; path = "4、车祸与树.txt"; sourceTree = "<group>"; };
		B46CB5DB21542AF800CA0F72 /* 2、吃货.txt */ = {isa = PBXFileReference; fileEncoding = 4; lastKnownFileType = text; path = "2、吃货.txt"; sourceTree = "<group>"; };
		B46CB5DC21542AF800CA0F72 /* 6、漂流瓶.txt */ = {isa = PBXFileReference; fileEncoding = 4; lastKnownFileType = text; path = "6、漂流瓶.txt"; sourceTree = "<group>"; };
		B494D5142152B6A600B11FC4 /* CoreTextDemo-Prefix.pch */ = {isa = PBXFileReference; lastKnownFileType = sourcecode.c.h; path = "CoreTextDemo-Prefix.pch"; sourceTree = "<group>"; };
		B494D5162152B6D800B11FC4 /* CoreText.framework */ = {isa = PBXFileReference; lastKnownFileType = wrapper.framework; name = CoreText.framework; path = System/Library/Frameworks/CoreText.framework; sourceTree = SDKROOT; };
		B494D51B2152B74A00B11FC4 /* UIView+frameAdjust.h */ = {isa = PBXFileReference; lastKnownFileType = sourcecode.c.h; path = "UIView+frameAdjust.h"; sourceTree = "<group>"; };
		B494D51C2152B74A00B11FC4 /* UIView+frameAdjust.m */ = {isa = PBXFileReference; lastKnownFileType = sourcecode.c.objc; path = "UIView+frameAdjust.m"; sourceTree = "<group>"; };
		B494D51E2152B7BA00B11FC4 /* CTFrameParserConfig.h */ = {isa = PBXFileReference; lastKnownFileType = sourcecode.c.h; path = CTFrameParserConfig.h; sourceTree = "<group>"; };
		B494D51F2152B7BA00B11FC4 /* CTFrameParserConfig.m */ = {isa = PBXFileReference; lastKnownFileType = sourcecode.c.objc; path = CTFrameParserConfig.m; sourceTree = "<group>"; };
		B494D5212152B7E700B11FC4 /* CTFrameParser.h */ = {isa = PBXFileReference; lastKnownFileType = sourcecode.c.h; path = CTFrameParser.h; sourceTree = "<group>"; };
		B494D5222152B7E700B11FC4 /* CTFrameParser.m */ = {isa = PBXFileReference; lastKnownFileType = sourcecode.c.objc; path = CTFrameParser.m; sourceTree = "<group>"; };
		B494D5242152B81100B11FC4 /* CoreTextData.h */ = {isa = PBXFileReference; lastKnownFileType = sourcecode.c.h; path = CoreTextData.h; sourceTree = "<group>"; };
		B494D5252152B81100B11FC4 /* CoreTextData.m */ = {isa = PBXFileReference; lastKnownFileType = sourcecode.c.objc; path = CoreTextData.m; sourceTree = "<group>"; };
		B494D5272152B83400B11FC4 /* CTDisplayView.h */ = {isa = PBXFileReference; lastKnownFileType = sourcecode.c.h; path = CTDisplayView.h; sourceTree = "<group>"; };
		B494D5282152B83400B11FC4 /* CTDisplayView.m */ = {isa = PBXFileReference; lastKnownFileType = sourcecode.c.objc; path = CTDisplayView.m; sourceTree = "<group>"; };
/* End PBXFileReference section */

/* Begin PBXFrameworksBuildPhase section */
		B40775962151641D00D09690 /* Frameworks */ = {
			isa = PBXFrameworksBuildPhase;
			buildActionMask = 2147483647;
			files = (
				B494D5172152B6D800B11FC4 /* CoreText.framework in Frameworks */,
			);
			runOnlyForDeploymentPostprocessing = 0;
		};
		B40775AE2151641E00D09690 /* Frameworks */ = {
			isa = PBXFrameworksBuildPhase;
			buildActionMask = 2147483647;
			files = (
			);
			runOnlyForDeploymentPostprocessing = 0;
		};
		B40775B92151641E00D09690 /* Frameworks */ = {
			isa = PBXFrameworksBuildPhase;
			buildActionMask = 2147483647;
			files = (
			);
			runOnlyForDeploymentPostprocessing = 0;
		};
/* End PBXFrameworksBuildPhase section */

/* Begin PBXGroup section */
		B40775902151641D00D09690 = {
			isa = PBXGroup;
			children = (
				B407759B2151641D00D09690 /* CoreText */,
				B40775B42151641E00D09690 /* CoreTextTests */,
				B40775BF2151641E00D09690 /* CoreTextUITests */,
				B407759A2151641D00D09690 /* Products */,
				B494D5152152B6D800B11FC4 /* Frameworks */,
			);
			sourceTree = "<group>";
		};
		B407759A2151641D00D09690 /* Products */ = {
			isa = PBXGroup;
			children = (
				B40775992151641D00D09690 /* CoreText.app */,
				B40775B12151641E00D09690 /* CoreTextTests.xctest */,
				B40775BC2151641E00D09690 /* CoreTextUITests.xctest */,
			);
			name = Products;
			sourceTree = "<group>";
		};
		B407759B2151641D00D09690 /* CoreText */ = {
			isa = PBXGroup;
			children = (
				B407759C2151641D00D09690 /* AppDelegate.h */,
				B407759D2151641D00D09690 /* AppDelegate.m */,
				B494D51A2152B72A00B11FC4 /* Controller */,
				B494D5182152B72A00B11FC4 /* Model */,
				B494D5192152B72A00B11FC4 /* View */,
				B40775A22151641D00D09690 /* Main.storyboard */,
				B40775A52151641E00D09690 /* Assets.xcassets */,
				B40775A72151641E00D09690 /* LaunchScreen.storyboard */,
				B40775AA2151641E00D09690 /* Info.plist */,
				B40775AB2151641E00D09690 /* main.m */,
				B494D5142152B6A600B11FC4 /* CoreTextDemo-Prefix.pch */,
				B46CB5CF21542AF800CA0F72 /* 大王饶命 */,
			);
			path = CoreText;
			sourceTree = "<group>";
		};
		B40775B42151641E00D09690 /* CoreTextTests */ = {
			isa = PBXGroup;
			children = (
				B40775B52151641E00D09690 /* CoreTextTests.m */,
				B40775B72151641E00D09690 /* Info.plist */,
			);
			path = CoreTextTests;
			sourceTree = "<group>";
		};
		B40775BF2151641E00D09690 /* CoreTextUITests */ = {
			isa = PBXGroup;
			children = (
				B40775C02151641E00D09690 /* CoreTextUITests.m */,
				B40775C22151641E00D09690 /* Info.plist */,
			);
			path = CoreTextUITests;
			sourceTree = "<group>";
		};
		B46CB5CF21542AF800CA0F72 /* 大王饶命 */ = {
			isa = PBXGroup;
			children = (
				B46CB5D021542AF800CA0F72 /* 12、我吃一口你听听.txt */,
				B46CB5D121542AF800CA0F72 /* 7、幺蛾子.txt */,
				B46CB5D221542AF800CA0F72 /* 3、你摊上大事了！.txt */,
				B46CB5D321542AF800CA0F72 /* 8、莫名其妙.txt */,
				B46CB5D421542AF800CA0F72 /* 5、负面情绪.txt */,
				B46CB5D521542AF800CA0F72 /* 9、碰瓷（第三章求推荐求收藏）.txt */,
				B46CB5D621542AF800CA0F72 /* 11、星火燎原.txt */,
				B46CB5D721542AF800CA0F72 /* 1、庙会.txt */,
				B46CB5D821542AF800CA0F72 /* 10、好汉，让我走吧.txt */,
				B46CB5D921542AF800CA0F72 /* 大王饶命.txt */,
				B46CB5DA21542AF800CA0F72 /* 4、车祸与树.txt */,
				B46CB5DB21542AF800CA0F72 /* 2、吃货.txt */,
				B46CB5DC21542AF800CA0F72 /* 6、漂流瓶.txt */,
			);
			path = "大王饶命";
			sourceTree = "<group>";
		};
		B494D5152152B6D800B11FC4 /* Frameworks */ = {
			isa = PBXGroup;
			children = (
				B494D5162152B6D800B11FC4 /* CoreText.framework */,
			);
			name = Frameworks;
			sourceTree = "<group>";
		};
		B494D5182152B72A00B11FC4 /* Model */ = {
			isa = PBXGroup;
			children = (
				B494D51E2152B7BA00B11FC4 /* CTFrameParserConfig.h */,
				B494D51F2152B7BA00B11FC4 /* CTFrameParserConfig.m */,
				B494D5212152B7E700B11FC4 /* CTFrameParser.h */,
				B494D5222152B7E700B11FC4 /* CTFrameParser.m */,
				B494D5242152B81100B11FC4 /* CoreTextData.h */,
				B494D5252152B81100B11FC4 /* CoreTextData.m */,
			);
			path = Model;
			sourceTree = "<group>";
		};
		B494D5192152B72A00B11FC4 /* View */ = {
			isa = PBXGroup;
			children = (
				B494D51B2152B74A00B11FC4 /* UIView+frameAdjust.h */,
				B494D51C2152B74A00B11FC4 /* UIView+frameAdjust.m */,
				B494D5272152B83400B11FC4 /* CTDisplayView.h */,
				B494D5282152B83400B11FC4 /* CTDisplayView.m */,
			);
			path = View;
			sourceTree = "<group>";
		};
		B494D51A2152B72A00B11FC4 /* Controller */ = {
			isa = PBXGroup;
			children = (
				B407759F2151641D00D09690 /* ViewController.h */,
				B40775A02151641D00D09690 /* ViewController.m */,
				B40775CE21517AE600D09690 /* ReaderViewController.h */,
				B40775CF21517AE600D09690 /* ReaderViewController.m */,
			);
			path = Controller;
			sourceTree = "<group>";
		};
/* End PBXGroup section */

/* Begin PBXNativeTarget section */
		B40775982151641D00D09690 /* CoreText */ = {
			isa = PBXNativeTarget;
			buildConfigurationList = B40775C52151641E00D09690 /* Build configuration list for PBXNativeTarget "CoreText" */;
			buildPhases = (
				B40775952151641D00D09690 /* Sources */,
				B40775962151641D00D09690 /* Frameworks */,
				B40775972151641D00D09690 /* Resources */,
			);
			buildRules = (
			);
			dependencies = (
			);
			name = CoreText;
			productName = CoreText;
			productReference = B40775992151641D00D09690 /* CoreText.app */;
			productType = "com.apple.product-type.application";
		};
		B40775B02151641E00D09690 /* CoreTextTests */ = {
			isa = PBXNativeTarget;
			buildConfigurationList = B40775C82151641E00D09690 /* Build configuration list for PBXNativeTarget "CoreTextTests" */;
			buildPhases = (
				B40775AD2151641E00D09690 /* Sources */,
				B40775AE2151641E00D09690 /* Frameworks */,
				B40775AF2151641E00D09690 /* Resources */,
			);
			buildRules = (
			);
			dependencies = (
				B40775B32151641E00D09690 /* PBXTargetDependency */,
			);
			name = CoreTextTests;
			productName = CoreTextTests;
			productReference = B40775B12151641E00D09690 /* CoreTextTests.xctest */;
			productType = "com.apple.product-type.bundle.unit-test";
		};
		B40775BB2151641E00D09690 /* CoreTextUITests */ = {
			isa = PBXNativeTarget;
			buildConfigurationList = B40775CB2151641E00D09690 /* Build configuration list for PBXNativeTarget "CoreTextUITests" */;
			buildPhases = (
				B40775B82151641E00D09690 /* Sources */,
				B40775B92151641E00D09690 /* Frameworks */,
				B40775BA2151641E00D09690 /* Resources */,
			);
			buildRules = (
			);
			dependencies = (
				B40775BE2151641E00D09690 /* PBXTargetDependency */,
			);
			name = CoreTextUITests;
			productName = CoreTextUITests;
			productReference = B40775BC2151641E00D09690 /* CoreTextUITests.xctest */;
			productType = "com.apple.product-type.bundle.ui-testing";
		};
/* End PBXNativeTarget section */

/* Begin PBXProject section */
		B40775912151641D00D09690 /* Project object */ = {
			isa = PBXProject;
			attributes = {
				LastUpgradeCheck = 1000;
				ORGANIZATIONNAME = Sol;
				TargetAttributes = {
					B40775982151641D00D09690 = {
						CreatedOnToolsVersion = 10.0;
					};
					B40775B02151641E00D09690 = {
						CreatedOnToolsVersion = 10.0;
						TestTargetID = B40775982151641D00D09690;
					};
					B40775BB2151641E00D09690 = {
						CreatedOnToolsVersion = 10.0;
						TestTargetID = B40775982151641D00D09690;
					};
				};
			};
			buildConfigurationList = B40775942151641D00D09690 /* Build configuration list for PBXProject "CoreText" */;
			compatibilityVersion = "Xcode 9.3";
			developmentRegion = en;
			hasScannedForEncodings = 0;
			knownRegions = (
				en,
				Base,
			);
			mainGroup = B40775902151641D00D09690;
			productRefGroup = B407759A2151641D00D09690 /* Products */;
			projectDirPath = "";
			projectRoot = "";
			targets = (
				B40775982151641D00D09690 /* CoreText */,
				B40775B02151641E00D09690 /* CoreTextTests */,
				B40775BB2151641E00D09690 /* CoreTextUITests */,
			);
		};
/* End PBXProject section */

/* Begin PBXResourcesBuildPhase section */
		B40775972151641D00D09690 /* Resources */ = {
			isa = PBXResourcesBuildPhase;
			buildActionMask = 2147483647;
			files = (
				B46CB5E521542AF800CA0F72 /* 10、好汉，让我走吧.txt in Resources */,
				B46CB5E021542AF800CA0F72 /* 8、莫名其妙.txt in Resources */,
				B40775A92151641E00D09690 /* LaunchScreen.storyboard in Resources */,
				B46CB5E821542AF800CA0F72 /* 2、吃货.txt in Resources */,
				B40775A62151641E00D09690 /* Assets.xcassets in Resources */,
				B46CB5DF21542AF800CA0F72 /* 3、你摊上大事了！.txt in Resources */,
				B46CB5DD21542AF800CA0F72 /* 12、我吃一口你听听.txt in Resources */,
				B46CB5E721542AF800CA0F72 /* 4、车祸与树.txt in Resources */,
				B40775A42151641D00D09690 /* Main.storyboard in Resources */,
				B46CB5E421542AF800CA0F72 /* 1、庙会.txt in Resources */,
				B46CB5E321542AF800CA0F72 /* 11、星火燎原.txt in Resources */,
				B46CB5E921542AF800CA0F72 /* 6、漂流瓶.txt in Resources */,
				B46CB5E221542AF800CA0F72 /* 9、碰瓷（第三章求推荐求收藏）.txt in Resources */,
				B46CB5DE21542AF800CA0F72 /* 7、幺蛾子.txt in Resources */,
				B46CB5E121542AF800CA0F72 /* 5、负面情绪.txt in Resources */,
				B46CB5E621542AF800CA0F72 /* 大王饶命.txt in Resources */,
			);
			runOnlyForDeploymentPostprocessing = 0;
		};
		B40775AF2151641E00D09690 /* Resources */ = {
			isa = PBXResourcesBuildPhase;
			buildActionMask = 2147483647;
			files = (
			);
			runOnlyForDeploymentPostprocessing = 0;
		};
		B40775BA2151641E00D09690 /* Resources */ = {
			isa = PBXResourcesBuildPhase;
			buildActionMask = 2147483647;
			files = (
			);
			runOnlyForDeploymentPostprocessing = 0;
		};
/* End PBXResourcesBuildPhase section */

/* Begin PBXSourcesBuildPhase section */
		B40775952151641D00D09690 /* Sources */ = {
			isa = PBXSourcesBuildPhase;
			buildActionMask = 2147483647;
			files = (
				B40775A12151641D00D09690 /* ViewController.m in Sources */,
				B494D5292152B83400B11FC4 /* CTDisplayView.m in Sources */,
				B494D5262152B81100B11FC4 /* CoreTextData.m in Sources */,
				B40775AC2151641E00D09690 /* main.m in Sources */,
				B494D51D2152B74A00B11FC4 /* UIView+frameAdjust.m in Sources */,
				B407759E2151641D00D09690 /* AppDelegate.m in Sources */,
				B40775D021517AE600D09690 /* ReaderViewController.m in Sources */,
				B494D5232152B7E700B11FC4 /* CTFrameParser.m in Sources */,
				B494D5202152B7BA00B11FC4 /* CTFrameParserConfig.m in Sources */,
			);
			runOnlyForDeploymentPostprocessing = 0;
		};
		B40775AD2151641E00D09690 /* Sources */ = {
			isa = PBXSourcesBuildPhase;
			buildActionMask = 2147483647;
			files = (
				B40775B62151641E00D09690 /* CoreTextTests.m in Sources */,
			);
			runOnlyForDeploymentPostprocessing = 0;
		};
		B40775B82151641E00D09690 /* Sources */ = {
			isa = PBXSourcesBuildPhase;
			buildActionMask = 2147483647;
			files = (
				B40775C12151641E00D09690 /* CoreTextUITests.m in Sources */,
			);
			runOnlyForDeploymentPostprocessing = 0;
		};
/* End PBXSourcesBuildPhase section */

/* Begin PBXTargetDependency section */
		B40775B32151641E00D09690 /* PBXTargetDependency */ = {
			isa = PBXTargetDependency;
			target = B40775982151641D00D09690 /* CoreText */;
			targetProxy = B40775B22151641E00D09690 /* PBXContainerItemProxy */;
		};
		B40775BE2151641E00D09690 /* PBXTargetDependency */ = {
			isa = PBXTargetDependency;
			target = B40775982151641D00D09690 /* CoreText */;
			targetProxy = B40775BD2151641E00D09690 /* PBXContainerItemProxy */;
		};
/* End PBXTargetDependency section */

/* Begin PBXVariantGroup section */
		B40775A22151641D00D09690 /* Main.storyboard */ = {
			isa = PBXVariantGroup;
			children = (
				B40775A32151641D00D09690 /* Base */,
			);
			name = Main.storyboard;
			sourceTree = "<group>";
		};
		B40775A72151641E00D09690 /* LaunchScreen.storyboard */ = {
			isa = PBXVariantGroup;
			children = (
				B40775A82151641E00D09690 /* Base */,
			);
			name = LaunchScreen.storyboard;
			sourceTree = "<group>";
		};
/* End PBXVariantGroup section */

/* Begin XCBuildConfiguration section */
		B40775C32151641E00D09690 /* Debug */ = {
			isa = XCBuildConfiguration;
			buildSettings = {
				ALWAYS_SEARCH_USER_PATHS = NO;
				CLANG_ANALYZER_NONNULL = YES;
				CLANG_ANALYZER_NUMBER_OBJECT_CONVERSION = YES_AGGRESSIVE;
				CLANG_CXX_LANGUAGE_STANDARD = "gnu++14";
				CLANG_CXX_LIBRARY = "libc++";
				CLANG_ENABLE_MODULES = YES;
				CLANG_ENABLE_OBJC_ARC = YES;
				CLANG_ENABLE_OBJC_WEAK = YES;
				CLANG_WARN_BLOCK_CAPTURE_AUTORELEASING = YES;
				CLANG_WARN_BOOL_CONVERSION = YES;
				CLANG_WARN_COMMA = YES;
				CLANG_WARN_CONSTANT_CONVERSION = YES;
				CLANG_WARN_DEPRECATED_OBJC_IMPLEMENTATIONS = YES;
				CLANG_WARN_DIRECT_OBJC_ISA_USAGE = YES_ERROR;
				CLANG_WARN_DOCUMENTATION_COMMENTS = YES;
				CLANG_WARN_EMPTY_BODY = YES;
				CLANG_WARN_ENUM_CONVERSION = YES;
				CLANG_WARN_INFINITE_RECURSION = YES;
				CLANG_WARN_INT_CONVERSION = YES;
				CLANG_WARN_NON_LITERAL_NULL_CONVERSION = YES;
				CLANG_WARN_OBJC_IMPLICIT_RETAIN_SELF = YES;
				CLANG_WARN_OBJC_LITERAL_CONVERSION = YES;
				CLANG_WARN_OBJC_ROOT_CLASS = YES_ERROR;
				CLANG_WARN_RANGE_LOOP_ANALYSIS = YES;
				CLANG_WARN_STRICT_PROTOTYPES = YES;
				CLANG_WARN_SUSPICIOUS_MOVE = YES;
				CLANG_WARN_UNGUARDED_AVAILABILITY = YES_AGGRESSIVE;
				CLANG_WARN_UNREACHABLE_CODE = YES;
				CLANG_WARN__DUPLICATE_METHOD_MATCH = YES;
				CODE_SIGN_IDENTITY = "iPhone Developer";
				COPY_PHASE_STRIP = NO;
				DEBUG_INFORMATION_FORMAT = dwarf;
				ENABLE_STRICT_OBJC_MSGSEND = YES;
				ENABLE_TESTABILITY = YES;
				GCC_C_LANGUAGE_STANDARD = gnu11;
				GCC_DYNAMIC_NO_PIC = NO;
				GCC_NO_COMMON_BLOCKS = YES;
				GCC_OPTIMIZATION_LEVEL = 0;
				GCC_PREPROCESSOR_DEFINITIONS = (
					"DEBUG=1",
					"$(inherited)",
				);
				GCC_WARN_64_TO_32_BIT_CONVERSION = YES;
				GCC_WARN_ABOUT_RETURN_TYPE = YES_ERROR;
				GCC_WARN_UNDECLARED_SELECTOR = YES;
				GCC_WARN_UNINITIALIZED_AUTOS = YES_AGGRESSIVE;
				GCC_WARN_UNUSED_FUNCTION = YES;
				GCC_WARN_UNUSED_VARIABLE = YES;
				IPHONEOS_DEPLOYMENT_TARGET = 12.0;
				MTL_ENABLE_DEBUG_INFO = INCLUDE_SOURCE;
				MTL_FAST_MATH = YES;
				ONLY_ACTIVE_ARCH = YES;
				SDKROOT = iphoneos;
			};
			name = Debug;
		};
		B40775C42151641E00D09690 /* Release */ = {
			isa = XCBuildConfiguration;
			buildSettings = {
				ALWAYS_SEARCH_USER_PATHS = NO;
				CLANG_ANALYZER_NONNULL = YES;
				CLANG_ANALYZER_NUMBER_OBJECT_CONVERSION = YES_AGGRESSIVE;
				CLANG_CXX_LANGUAGE_STANDARD = "gnu++14";
				CLANG_CXX_LIBRARY = "libc++";
				CLANG_ENABLE_MODULES = YES;
				CLANG_ENABLE_OBJC_ARC = YES;
				CLANG_ENABLE_OBJC_WEAK = YES;
				CLANG_WARN_BLOCK_CAPTURE_AUTORELEASING = YES;
				CLANG_WARN_BOOL_CONVERSION = YES;
				CLANG_WARN_COMMA = YES;
				CLANG_WARN_CONSTANT_CONVERSION = YES;
				CLANG_WARN_DEPRECATED_OBJC_IMPLEMENTATIONS = YES;
				CLANG_WARN_DIRECT_OBJC_ISA_USAGE = YES_ERROR;
				CLANG_WARN_DOCUMENTATION_COMMENTS = YES;
				CLANG_WARN_EMPTY_BODY = YES;
				CLANG_WARN_ENUM_CONVERSION = YES;
				CLANG_WARN_INFINITE_RECURSION = YES;
				CLANG_WARN_INT_CONVERSION = YES;
				CLANG_WARN_NON_LITERAL_NULL_CONVERSION = YES;
				CLANG_WARN_OBJC_IMPLICIT_RETAIN_SELF = YES;
				CLANG_WARN_OBJC_LITERAL_CONVERSION = YES;
				CLANG_WARN_OBJC_ROOT_CLASS = YES_ERROR;
				CLANG_WARN_RANGE_LOOP_ANALYSIS = YES;
				CLANG_WARN_STRICT_PROTOTYPES = YES;
				CLANG_WARN_SUSPICIOUS_MOVE = YES;
				CLANG_WARN_UNGUARDED_AVAILABILITY = YES_AGGRESSIVE;
				CLANG_WARN_UNREACHABLE_CODE = YES;
				CLANG_WARN__DUPLICATE_METHOD_MATCH = YES;
				CODE_SIGN_IDENTITY = "iPhone Developer";
				COPY_PHASE_STRIP = NO;
				DEBUG_INFORMATION_FORMAT = "dwarf-with-dsym";
				ENABLE_NS_ASSERTIONS = NO;
				ENABLE_STRICT_OBJC_MSGSEND = YES;
				GCC_C_LANGUAGE_STANDARD = gnu11;
				GCC_NO_COMMON_BLOCKS = YES;
				GCC_WARN_64_TO_32_BIT_CONVERSION = YES;
				GCC_WARN_ABOUT_RETURN_TYPE = YES_ERROR;
				GCC_WARN_UNDECLARED_SELECTOR = YES;
				GCC_WARN_UNINITIALIZED_AUTOS = YES_AGGRESSIVE;
				GCC_WARN_UNUSED_FUNCTION = YES;
				GCC_WARN_UNUSED_VARIABLE = YES;
				IPHONEOS_DEPLOYMENT_TARGET = 12.0;
				MTL_ENABLE_DEBUG_INFO = NO;
				MTL_FAST_MATH = YES;
				SDKROOT = iphoneos;
				VALIDATE_PRODUCT = YES;
			};
			name = Release;
		};
		B40775C62151641E00D09690 /* Debug */ = {
			isa = XCBuildConfiguration;
			buildSettings = {
				ASSETCATALOG_COMPILER_APPICON_NAME = AppIcon;
				CODE_SIGN_STYLE = Automatic;
				DEVELOPMENT_TEAM = KK699H92EX;
				GCC_PREFIX_HEADER = "CoreText/CoreTextDemo-Prefix.pch";
				INFOPLIST_FILE = CoreText/Info.plist;
				LD_RUNPATH_SEARCH_PATHS = (
					"$(inherited)",
					"@executable_path/Frameworks",
				);
				PRODUCT_BUNDLE_IDENTIFIER = com.tom.CoreText;
				PRODUCT_NAME = "$(TARGET_NAME)";
				TARGETED_DEVICE_FAMILY = "1,2";
			};
			name = Debug;
		};
		B40775C72151641E00D09690 /* Release */ = {
			isa = XCBuildConfiguration;
			buildSettings = {
				ASSETCATALOG_COMPILER_APPICON_NAME = AppIcon;
				CODE_SIGN_STYLE = Automatic;
				DEVELOPMENT_TEAM = KK699H92EX;
				GCC_PREFIX_HEADER = "CoreText/CoreTextDemo-Prefix.pch";
				INFOPLIST_FILE = CoreText/Info.plist;
				LD_RUNPATH_SEARCH_PATHS = (
					"$(inherited)",
					"@executable_path/Frameworks",
				);
				PRODUCT_BUNDLE_IDENTIFIER = com.tom.CoreText;
				PRODUCT_NAME = "$(TARGET_NAME)";
				TARGETED_DEVICE_FAMILY = "1,2";
			};
			name = Release;
		};
		B40775C92151641E00D09690 /* Debug */ = {
			isa = XCBuildConfiguration;
			buildSettings = {
				BUNDLE_LOADER = "$(TEST_HOST)";
				CODE_SIGN_STYLE = Automatic;
				DEVELOPMENT_TEAM = 33ZJ64DPUU;
				INFOPLIST_FILE = CoreTextTests/Info.plist;
				LD_RUNPATH_SEARCH_PATHS = (
					"$(inherited)",
					"@executable_path/Frameworks",
					"@loader_path/Frameworks",
				);
				PRODUCT_BUNDLE_IDENTIFIER = com.Sol.CoreTextTests;
				PRODUCT_NAME = "$(TARGET_NAME)";
				TARGETED_DEVICE_FAMILY = "1,2";
				TEST_HOST = "$(BUILT_PRODUCTS_DIR)/CoreText.app/CoreText";
			};
			name = Debug;
		};
		B40775CA2151641E00D09690 /* Release */ = {
			isa = XCBuildConfiguration;
			buildSettings = {
				BUNDLE_LOADER = "$(TEST_HOST)";
				CODE_SIGN_STYLE = Automatic;
				DEVELOPMENT_TEAM = 33ZJ64DPUU;
				INFOPLIST_FILE = CoreTextTests/Info.plist;
				LD_RUNPATH_SEARCH_PATHS = (
					"$(inherited)",
					"@executable_path/Frameworks",
					"@loader_path/Frameworks",
				);
				PRODUCT_BUNDLE_IDENTIFIER = com.Sol.CoreTextTests;
				PRODUCT_NAME = "$(TARGET_NAME)";
				TARGETED_DEVICE_FAMILY = "1,2";
				TEST_HOST = "$(BUILT_PRODUCTS_DIR)/CoreText.app/CoreText";
			};
			name = Release;
		};
		B40775CC2151641E00D09690 /* Debug */ = {
			isa = XCBuildConfiguration;
			buildSettings = {
				CODE_SIGN_STYLE = Automatic;
				DEVELOPMENT_TEAM = 33ZJ64DPUU;
				INFOPLIST_FILE = CoreTextUITests/Info.plist;
				LD_RUNPATH_SEARCH_PATHS = (
					"$(inherited)",
					"@executable_path/Frameworks",
					"@loader_path/Frameworks",
				);
				PRODUCT_BUNDLE_IDENTIFIER = com.Sol.CoreTextUITests;
				PRODUCT_NAME = "$(TARGET_NAME)";
				TARGETED_DEVICE_FAMILY = "1,2";
				TEST_TARGET_NAME = CoreText;
			};
			name = Debug;
		};
		B40775CD2151641E00D09690 /* Release */ = {
			isa = XCBuildConfiguration;
			buildSettings = {
				CODE_SIGN_STYLE = Automatic;
				DEVELOPMENT_TEAM = 33ZJ64DPUU;
				INFOPLIST_FILE = CoreTextUITests/Info.plist;
				LD_RUNPATH_SEARCH_PATHS = (
					"$(inherited)",
					"@executable_path/Frameworks",
					"@loader_path/Frameworks",
				);
				PRODUCT_BUNDLE_IDENTIFIER = com.Sol.CoreTextUITests;
				PRODUCT_NAME = "$(TARGET_NAME)";
				TARGETED_DEVICE_FAMILY = "1,2";
				TEST_TARGET_NAME = CoreText;
			};
			name = Release;
		};
/* End XCBuildConfiguration section */

/* Begin XCConfigurationList section */
		B40775942151641D00D09690 /* Build configuration list for PBXProject "CoreText" */ = {
			isa = XCConfigurationList;
			buildConfigurations = (
				B40775C32151641E00D09690 /* Debug */,
				B40775C42151641E00D09690 /* Release */,
			);
			defaultConfigurationIsVisible = 0;
			defaultConfigurationName = Release;
		};
		B40775C52151641E00D09690 /* Build configuration list for PBXNativeTarget "CoreText" */ = {
			isa = XCConfigurationList;
			buildConfigurations = (
				B40775C62151641E00D09690 /* Debug */,
				B40775C72151641E00D09690 /* Release */,
			);
			defaultConfigurationIsVisible = 0;
			defaultConfigurationName = Release;
		};
		B40775C82151641E00D09690 /* Build configuration list for PBXNativeTarget "CoreTextTests" */ = {
			isa = XCConfigurationList;
			buildConfigurations = (
				B40775C92151641E00D09690 /* Debug */,
				B40775CA2151641E00D09690 /* Release */,
			);
			defaultConfigurationIsVisible = 0;
			defaultConfigurationName = Release;
		};
		B40775CB2151641E00D09690 /* Build configuration list for PBXNativeTarget "CoreTextUITests" */ = {
			isa = XCConfigurationList;
			buildConfigurations = (
				B40775CC2151641E00D09690 /* Debug */,
				B40775CD2151641E00D09690 /* Release */,
			);
			defaultConfigurationIsVisible = 0;
			defaultConfigurationName = Release;
		};
/* End XCConfigurationList section */
	};
	rootObject = B40775912151641D00D09690 /* Project object */;
}
